/Users/huubvdent/Documents/Snakemake_practice/data/fastq/11N.raw.fq.gz
/Users/huubvdent/Documents/Snakemake_practice/data/fastq/4T.raw.fq.gz
/Users/huubvdent/Documents/Snakemake_practice/data/fastq/9N.raw.fq.gz
/Users/huubvdent/Documents/Snakemake_practice/data/fastq/1T.raw.fq.gz
/Users/huubvdent/Documents/Snakemake_practice/data/fastq/14N.raw.fq.gz
/Users/huubvdent/Documents/Snakemake_practice/data/fastq/12N.raw.fq.gz
/Users/huubvdent/Documents/Snakemake_practice/data/fastq/5N.raw.fq.gz
/Users/huubvdent/Documents/Snakemake_practice/data/fastq/13N.raw.fq.gz
/Users/huubvdent/Documents/Snakemake_practice/data/fastq/1N.raw.fq.gz
/Users/huubvdent/Documents/Snakemake_practice/data/fastq/5T.raw.fq.gz
/Users/huubvdent/Documents/Snakemake_practice/data/fastq/6T.raw.fq.gz
/Users/huubvdent/Documents/Snakemake_practice/data/fastq/2N.raw.fq.gz
/Users/huubvdent/Documents/Snakemake_practice/data/fastq/10N.raw.fq.gz
/Users/huubvdent/Documents/Snakemake_practice/data/fastq/7T.raw.fq.gz
/Users/huubvdent/Documents/Snakemake_practice/data/fastq/2T.raw.fq.gz
/Users/huubvdent/Documents/Snakemake_practice/data/fastq/3N.raw.fq.gz
/Users/huubvdent/Documents/Snakemake_practice/data/fastq/10T.raw.fq.gz
/Users/huubvdent/Documents/Snakemake_practice/data/fastq/11T.raw.fq.gz
/Users/huubvdent/Documents/Snakemake_practice/data/fastq/4N.raw.fq.gz
/Users/huubvdent/Documents/Snakemake_practice/data/fastq/3T.raw.fq.gz
/Users/huubvdent/Documents/Snakemake_practice/data/fastq/12T.raw.fq.gz
/Users/huubvdent/Documents/Snakemake_practice/data/fastq/6N.raw.fq.gz
/Users/huubvdent/Documents/Snakemake_practice/data/fastq/8N.raw.fq.gz
/Users/huubvdent/Documents/Snakemake_practice/data/fastq/7N.raw.fq.gz
/Users/huubvdent/Documents/Snakemake_practice/data/fastq/13T.raw.fq.gz
/Users/huubvdent/Documents/Snakemake_practice/data/fastq/9T.raw.fq.gz
/Users/huubvdent/Documents/Snakemake_practice/data/fastq/8T.raw.fq.gz
/Users/huubvdent/Documents/Snakemake_practice/data/fastq/14T.raw.fq.gz
